{
  "originHash" : "7e7b4afb5591c386fbcb3295b208b9347ae309fd07a90fb42a5308c8e6642a02",
  "pins" : [
    {
      "identity" : "accessibilityelement",
      "kind" : "remoteSourceControl",
      "location" : "https://github.com/rustle/AccessibilityElement.git",
      "state" : {
        "revision" : "87f62d12ae584173b7039a2f0c59498dfc54fd42",
        "version" : "0.2.7"
      }
    },
    {
      "identity" : "ax",
      "kind" : "remoteSourceControl",
      "location" : "https://github.com/rustle/AX.git",
      "state" : {
        "revision" : "cacb8833a5f687d6d342f7bb4695274eb2f9f9b3",
        "version" : "0.2.1"
      }
    },
    {
      "identity" : "swift-atomics",
      "kind" : "remoteSourceControl",
      "location" : "https://github.com/apple/swift-atomics.git",
      "state" : {
        "revision" : "b601256eab081c0f92f059e12818ac1d4f178ff7",
        "version" : "1.3.0"
      }
    },
    {
      "identity" : "targetaction",
      "kind" : "remoteSourceControl",
      "location" : "https://github.com/rustle/TargetAction.git",
      "state" : {
        "revision" : "74d5ef2f1bb97d0daa38fcf1fe054fe2db7e01ed",
        "version" : "0.2.0"
      }
    }
  ],
  "version" : 3
}
