{
  "originHash" : "4de884e5b80b574247574eaf095b0ef1374db35f4c2006631ab02b472021ea45",
  "pins" : [
    {
      "identity" : "accessibilityelement",
      "kind" : "remoteSourceControl",
      "location" : "https://github.com/rustle/AccessibilityElement.git",
      "state" : {
        "revision" : "a72f63ed9e66ee3c93b86008c75544ee04e7e85e",
        "version" : "0.2.3"
      }
    },
    {
      "identity" : "ax",
      "kind" : "remoteSourceControl",
      "location" : "https://github.com/rustle/AX.git",
      "state" : {
        "revision" : "605c1ed64f991c0f05ec8033a7dc2b2e018613c2",
        "version" : "0.2.0"
      }
    },
    {
      "identity" : "swift-atomics",
      "kind" : "remoteSourceControl",
      "location" : "https://github.com/apple/swift-atomics.git",
      "state" : {
        "revision" : "b601256eab081c0f92f059e12818ac1d4f178ff7",
        "version" : "1.3.0"
      }
    },
    {
      "identity" : "targetaction",
      "kind" : "remoteSourceControl",
      "location" : "https://github.com/rustle/TargetAction.git",
      "state" : {
        "revision" : "74d5ef2f1bb97d0daa38fcf1fe054fe2db7e01ed",
        "version" : "0.2.0"
      }
    }
  ],
  "version" : 3
}
