{
  "originHash" : "71bdd8117764d15121cb5942eec5e6e307d7d46842dd9adb844f5f3f59f5c002",
  "pins" : [
    {
      "identity" : "accessibilityelement",
      "kind" : "remoteSourceControl",
      "location" : "https://github.com/rustle/AccessibilityElement.git",
      "state" : {
        "revision" : "cb4b42cbc8fc795c25ada291d534aa0ff1c621a7",
        "version" : "0.2.9"
      }
    },
    {
      "identity" : "ax",
      "kind" : "remoteSourceControl",
      "location" : "https://github.com/rustle/AX.git",
      "state" : {
        "revision" : "cacb8833a5f687d6d342f7bb4695274eb2f9f9b3",
        "version" : "0.2.1"
      }
    },
    {
      "identity" : "runloopexecutor",
      "kind" : "remoteSourceControl",
      "location" : "https://github.com/rustle/RunLoopExecutor.git",
      "state" : {
        "revision" : "48e0cc1371383a5cca80638b05dbf672d5e4affd",
        "version" : "1.0.0"
      }
    },
    {
      "identity" : "swift-atomics",
      "kind" : "remoteSourceControl",
      "location" : "https://github.com/apple/swift-atomics.git",
      "state" : {
        "revision" : "b601256eab081c0f92f059e12818ac1d4f178ff7",
        "version" : "1.3.0"
      }
    },
    {
      "identity" : "targetaction",
      "kind" : "remoteSourceControl",
      "location" : "https://github.com/rustle/TargetAction.git",
      "state" : {
        "revision" : "74d5ef2f1bb97d0daa38fcf1fe054fe2db7e01ed",
        "version" : "0.2.0"
      }
    }
  ],
  "version" : 3
}
